{
  "name": "atmospheric_studies",
  "version": "1.0.0",
  "lockfileVersion": 1,
  "requires": true,
  "dependencies": {
    "netcdf4": {
      "version": "0.4.1",
      "resolved": "https://registry.npmjs.org/netcdf4/-/netcdf4-0.4.1.tgz",
      "integrity": "sha512-XU2uEKh7N6jzJUSqJGEm0C6f92ea3WrRXnGa4bcRh2jq9lKD2H1OCGxjjzKPjD31z15qL5S9y342gfeui/Uu3A=="
    }
  }
}
